
Microsoft Visual Studio Solution File, Format Version 12.00
# Visual Studio Version 17
VisualStudioVersion = 17.6.33712.159
MinimumVisualStudioVersion = 10.0.40219.1
Project("{FAE04EC0-301F-11D3-BF4B-00C04F79EFBC}") = "Calc", "Calc.csproj", "{9D1180A6-1BFE-4BDD-8725-0461A4465E29}"
EndProject
Project("{FAE04EC0-301F-11D3-BF4B-00C04F79EFBC}") = "CalculatorTests", "..\CalculatorTests\CalculatorTests.csproj", "{40A34E8C-C246-464D-BFAE-F3B833C43FDA}"
EndProject
Global
	GlobalSection(SolutionConfigurationPlatforms) = preSolution
		Debug|Any CPU = Debug|Any CPU
		Release|Any CPU = Release|Any CPU
	EndGlobalSection
	GlobalSection(ProjectConfigurationPlatforms) = postSolution
		{9D1180A6-1BFE-4BDD-8725-0461A4465E29}.Debug|Any CPU.ActiveCfg = Debug|Any CPU
		{9D1180A6-1BFE-4BDD-8725-0461A4465E29}.Debug|Any CPU.Build.0 = Debug|Any CPU
		{9D1180A6-1BFE-4BDD-8725-0461A4465E29}.Release|Any CPU.ActiveCfg = Release|Any CPU
		{9D1180A6-1BFE-4BDD-8725-0461A4465E29}.Release|Any CPU.Build.0 = Release|Any CPU
		{40A34E8C-C246-464D-BFAE-F3B833C43FDA}.Debug|Any CPU.ActiveCfg = Debug|Any CPU
		{40A34E8C-C246-464D-BFAE-F3B833C43FDA}.Debug|Any CPU.Build.0 = Debug|Any CPU
		{40A34E8C-C246-464D-BFAE-F3B833C43FDA}.Release|Any CPU.ActiveCfg = Release|Any CPU
		{40A34E8C-C246-464D-BFAE-F3B833C43FDA}.Release|Any CPU.Build.0 = Release|Any CPU
	EndGlobalSection
	GlobalSection(SolutionProperties) = preSolution
		HideSolutionNode = FALSE
	EndGlobalSection
	GlobalSection(ExtensibilityGlobals) = postSolution
		SolutionGuid = {FE5A66E5-69DB-4435-A297-9F63F0F8F122}
	EndGlobalSection
EndGlobal
